
Microsoft Visual Studio Solution File, Format Version 12.00
# Visual Studio Version 18
VisualStudioVersion = 18.0.10828.68
MinimumVisualStudioVersion = 10.0.40219.1
Project("{2150E333-8FDC-42A3-9474-1A3956D46DE8}") = "src", "src", "{827E0CD3-B72D-47B6-A68D-7590B98EB39B}"
EndProject
Project("{2150E333-8FDC-42A3-9474-1A3956D46DE8}") = "tests", "tests", "{0AB3BF05-4346-4AA6-1389-037BE0695223}"
EndProject
Project("{FAE04EC0-301F-11D3-BF4B-00C04F79EFBC}") = "Space.Abstraction", "src\Space.Abstraction\Space.Abstraction.csproj", "{06CBC335-1DA8-0A1C-16E0-60C5651E431E}"
EndProject
Project("{FAE04EC0-301F-11D3-BF4B-00C04F79EFBC}") = "Space.TestConsole", "tests\Space.TestConsole\Space.TestConsole.csproj", "{BB0A7B71-E163-0E38-C888-49352DE1688B}"
EndProject
Project("{FAE04EC0-301F-11D3-BF4B-00C04F79EFBC}") = "Space.Tests", "tests\Space.Tests\Space.Tests.csproj", "{5D067B25-5C8A-26DE-2AB0-7F6A4BA39B46}"
EndProject
Project("{FAE04EC0-301F-11D3-BF4B-00C04F79EFBC}") = "Space.DependencyInjection", "src\Space.DependencyInjection\Space.DependencyInjection.csproj", "{D46CA620-936D-4C7B-8FFA-0B8D07295AC8}"
EndProject
Project("{FAE04EC0-301F-11D3-BF4B-00C04F79EFBC}") = "Space.Benchmarks", "tests\Space.Benchmarks\Space.Benchmarks.csproj", "{5A07D326-2819-4AD0-A4DA-A98E341FCDE7}"
EndProject
Project("{2150E333-8FDC-42A3-9474-1A3956D46DE8}") = "docs", "docs", "{02EA681E-C7D8-13C7-8484-4AC65E1B71E8}"
	ProjectSection(SolutionItems) = preProject
		docs\Contribution.md = docs\Contribution.md
		docs\DeveloperRecommendations.md = docs\DeveloperRecommendations.md
		docs\Handlers.md = docs\Handlers.md
		docs\KnownIssues.md = docs\KnownIssues.md
		docs\Modules.md = docs\Modules.md
		docs\Notifications.md = docs\Notifications.md
		docs\Pipelines.md = docs\Pipelines.md
		docs\PlannedImprovements.md = docs\PlannedImprovements.md
		docs\ProjectDoc.en.md = docs\ProjectDoc.en.md
		README.md = README.md
		docs\Versioning.md = docs\Versioning.md
	EndProjectSection
EndProject
Project("{2150E333-8FDC-42A3-9474-1A3956D46DE8}") = "github", "github", "{13AA0D40-B562-4388-B5F9-C4612A784505}"
	ProjectSection(SolutionItems) = preProject
		.github\workflows\dev-ci.yml = .github\workflows\dev-ci.yml
		.github\workflows\prod-ci.yml = .github\workflows\prod-ci.yml
		.github\workflows\validation-build.yml = .github\workflows\validation-build.yml
	EndProjectSection
EndProject
Project("{FAE04EC0-301F-11D3-BF4B-00C04F79EFBC}") = "Space.SourceGenerator", "src\Space.SourceGenerator\Space.SourceGenerator.csproj", "{F17B9A40-32A3-6A10-74E5-642698FB70BD}"
EndProject
Project("{2150E333-8FDC-42A3-9474-1A3956D46DE8}") = "MultiProjects", "MultiProjects", "{F2342FD2-CDB0-4CD8-8F2E-7D03CD3617E8}"
EndProject
Project("{2150E333-8FDC-42A3-9474-1A3956D46DE8}") = "MultiLibs", "MultiLibs", "{D473C722-9129-426E-951E-B10F854B7F91}"
EndProject
Project("{FAE04EC0-301F-11D3-BF4B-00C04F79EFBC}") = "ApiProject", "tests\MultiProjects\MultiLibs\ApiProject\ApiProject.csproj", "{BEEB7156-9637-41E1-822F-CDEE12C21461}"
EndProject
Project("{FAE04EC0-301F-11D3-BF4B-00C04F79EFBC}") = "Lib1", "tests\MultiProjects\MultiLibs\Lib1\Lib1.csproj", "{33DEA7A6-8AFD-4CE5-A3EF-0C5CC25E8740}"
EndProject
Project("{2150E333-8FDC-42A3-9474-1A3956D46DE8}") = "NuGetLoaded", "NuGetLoaded", "{FDAA8FD1-86B7-6860-3AA4-D2369556531E}"
EndProject
Project("{FAE04EC0-301F-11D3-BF4B-00C04F79EFBC}") = "LibAlpha", "tests\MultiProjects\NuGetLoaded\LibAlpha\LibAlpha.csproj", "{85F40241-605C-4FD2-B637-0B60FA37048F}"
EndProject
Project("{FAE04EC0-301F-11D3-BF4B-00C04F79EFBC}") = "LibBeta", "tests\MultiProjects\NuGetLoaded\LibBeta\LibBeta.csproj", "{5FDF0B90-C0BB-4ABD-9986-9F8A85883FC8}"
EndProject
Project("{FAE04EC0-301F-11D3-BF4B-00C04F79EFBC}") = "ApiHost", "tests\MultiProjects\NuGetLoaded\ApiHost\ApiHost.csproj", "{D8D7D1DA-A3CF-4DC1-9533-84ECEA97D2E4}"
EndProject
Global
	GlobalSection(SolutionConfigurationPlatforms) = preSolution
		Debug|Any CPU = Debug|Any CPU
		Debug|x64 = Debug|x64
		Debug|x86 = Debug|x86
		Release|Any CPU = Release|Any CPU
		Release|x64 = Release|x64
		Release|x86 = Release|x86
	EndGlobalSection
	GlobalSection(ProjectConfigurationPlatforms) = postSolution
		{06CBC335-1DA8-0A1C-16E0-60C5651E431E}.Debug|Any CPU.ActiveCfg = Debug|Any CPU
		{06CBC335-1DA8-0A1C-16E0-60C5651E431E}.Debug|Any CPU.Build.0 = Debug|Any CPU
		{06CBC335-1DA8-0A1C-16E0-60C5651E431E}.Debug|x64.ActiveCfg = Debug|Any CPU
		{06CBC335-1DA8-0A1C-16E0-60C5651E431E}.Debug|x64.Build.0 = Debug|Any CPU
		{06CBC335-1DA8-0A1C-16E0-60C5651E431E}.Debug|x86.ActiveCfg = Debug|Any CPU
		{06CBC335-1DA8-0A1C-16E0-60C5651E431E}.Debug|x86.Build.0 = Debug|Any CPU
		{06CBC335-1DA8-0A1C-16E0-60C5651E431E}.Release|Any CPU.ActiveCfg = Release|Any CPU
		{06CBC335-1DA8-0A1C-16E0-60C5651E431E}.Release|Any CPU.Build.0 = Release|Any CPU
		{06CBC335-1DA8-0A1C-16E0-60C5651E431E}.Release|x64.ActiveCfg = Release|Any CPU
		{06CBC335-1DA8-0A1C-16E0-60C5651E431E}.Release|x64.Build.0 = Release|Any CPU
		{06CBC335-1DA8-0A1C-16E0-60C5651E431E}.Release|x86.ActiveCfg = Release|Any CPU
		{06CBC335-1DA8-0A1C-16E0-60C5651E431E}.Release|x86.Build.0 = Release|Any CPU
		{BB0A7B71-E163-0E38-C888-49352DE1688B}.Debug|Any CPU.ActiveCfg = Debug|Any CPU
		{BB0A7B71-E163-0E38-C888-49352DE1688B}.Debug|Any CPU.Build.0 = Debug|Any CPU
		{BB0A7B71-E163-0E38-C888-49352DE1688B}.Debug|x64.ActiveCfg = Debug|Any CPU
		{BB0A7B71-E163-0E38-C888-49352DE1688B}.Debug|x64.Build.0 = Debug|Any CPU
		{BB0A7B71-E163-0E38-C888-49352DE1688B}.Debug|x86.ActiveCfg = Debug|Any CPU
		{BB0A7B71-E163-0E38-C888-49352DE1688B}.Debug|x86.Build.0 = Debug|Any CPU
		{BB0A7B71-E163-0E38-C888-49352DE1688B}.Release|Any CPU.ActiveCfg = Release|Any CPU
		{BB0A7B71-E163-0E38-C888-49352DE1688B}.Release|Any CPU.Build.0 = Release|Any CPU
		{BB0A7B71-E163-0E38-C888-49352DE1688B}.Release|x64.ActiveCfg = Release|Any CPU
		{BB0A7B71-E163-0E38-C888-49352DE1688B}.Release|x64.Build.0 = Release|Any CPU
		{BB0A7B71-E163-0E38-C888-49352DE1688B}.Release|x86.ActiveCfg = Release|Any CPU
		{BB0A7B71-E163-0E38-C888-49352DE1688B}.Release|x86.Build.0 = Release|Any CPU
		{5D067B25-5C8A-26DE-2AB0-7F6A4BA39B46}.Debug|Any CPU.ActiveCfg = Debug|Any CPU
		{5D067B25-5C8A-26DE-2AB0-7F6A4BA39B46}.Debug|Any CPU.Build.0 = Debug|Any CPU
		{5D067B25-5C8A-26DE-2AB0-7F6A4BA39B46}.Debug|x64.ActiveCfg = Debug|Any CPU
		{5D067B25-5C8A-26DE-2AB0-7F6A4BA39B46}.Debug|x64.Build.0 = Debug|Any CPU
		{5D067B25-5C8A-26DE-2AB0-7F6A4BA39B46}.Debug|x86.ActiveCfg = Debug|Any CPU
		{5D067B25-5C8A-26DE-2AB0-7F6A4BA39B46}.Debug|x86.Build.0 = Debug|Any CPU
		{5D067B25-5C8A-26DE-2AB0-7F6A4BA39B46}.Release|Any CPU.ActiveCfg = Release|Any CPU
		{5D067B25-5C8A-26DE-2AB0-7F6A4BA39B46}.Release|Any CPU.Build.0 = Release|Any CPU
		{5D067B25-5C8A-26DE-2AB0-7F6A4BA39B46}.Release|x64.ActiveCfg = Release|Any CPU
		{5D067B25-5C8A-26DE-2AB0-7F6A4BA39B46}.Release|x64.Build.0 = Release|Any CPU
		{5D067B25-5C8A-26DE-2AB0-7F6A4BA39B46}.Release|x86.ActiveCfg = Release|Any CPU
		{5D067B25-5C8A-26DE-2AB0-7F6A4BA39B46}.Release|x86.Build.0 = Release|Any CPU
		{D46CA620-936D-4C7B-8FFA-0B8D07295AC8}.Debug|Any CPU.ActiveCfg = Debug|Any CPU
		{D46CA620-936D-4C7B-8FFA-0B8D07295AC8}.Debug|Any CPU.Build.0 = Debug|Any CPU
		{D46CA620-936D-4C7B-8FFA-0B8D07295AC8}.Debug|x64.ActiveCfg = Debug|Any CPU
		{D46CA620-936D-4C7B-8FFA-0B8D07295AC8}.Debug|x64.Build.0 = Debug|Any CPU
		{D46CA620-936D-4C7B-8FFA-0B8D07295AC8}.Debug|x86.ActiveCfg = Debug|Any CPU
		{D46CA620-936D-4C7B-8FFA-0B8D07295AC8}.Debug|x86.Build.0 = Debug|Any CPU
		{D46CA620-936D-4C7B-8FFA-0B8D07295AC8}.Release|Any CPU.ActiveCfg = Release|Any CPU
		{D46CA620-936D-4C7B-8FFA-0B8D07295AC8}.Release|Any CPU.Build.0 = Release|Any CPU
		{D46CA620-936D-4C7B-8FFA-0B8D07295AC8}.Release|x64.ActiveCfg = Release|Any CPU
		{D46CA620-936D-4C7B-8FFA-0B8D07295AC8}.Release|x64.Build.0 = Release|Any CPU
		{D46CA620-936D-4C7B-8FFA-0B8D07295AC8}.Release|x86.ActiveCfg = Release|Any CPU
		{D46CA620-936D-4C7B-8FFA-0B8D07295AC8}.Release|x86.Build.0 = Release|Any CPU
		{5A07D326-2819-4AD0-A4DA-A98E341FCDE7}.Debug|Any CPU.ActiveCfg = Debug|Any CPU
		{5A07D326-2819-4AD0-A4DA-A98E341FCDE7}.Debug|Any CPU.Build.0 = Debug|Any CPU
		{5A07D326-2819-4AD0-A4DA-A98E341FCDE7}.Debug|x64.ActiveCfg = Debug|Any CPU
		{5A07D326-2819-4AD0-A4DA-A98E341FCDE7}.Debug|x64.Build.0 = Debug|Any CPU
		{5A07D326-2819-4AD0-A4DA-A98E341FCDE7}.Debug|x86.ActiveCfg = Debug|Any CPU
		{5A07D326-2819-4AD0-A4DA-A98E341FCDE7}.Debug|x86.Build.0 = Debug|Any CPU
		{5A07D326-2819-4AD0-A4DA-A98E341FCDE7}.Release|Any CPU.ActiveCfg = Release|Any CPU
		{5A07D326-2819-4AD0-A4DA-A98E341FCDE7}.Release|Any CPU.Build.0 = Release|Any CPU
		{5A07D326-2819-4AD0-A4DA-A98E341FCDE7}.Release|x64.ActiveCfg = Release|Any CPU
		{5A07D326-2819-4AD0-A4DA-A98E341FCDE7}.Release|x64.Build.0 = Release|Any CPU
		{5A07D326-2819-4AD0-A4DA-A98E341FCDE7}.Release|x86.ActiveCfg = Release|Any CPU
		{5A07D326-2819-4AD0-A4DA-A98E341FCDE7}.Release|x86.Build.0 = Release|Any CPU
		{F17B9A40-32A3-6A10-74E5-642698FB70BD}.Debug|Any CPU.ActiveCfg = Debug|Any CPU
		{F17B9A40-32A3-6A10-74E5-642698FB70BD}.Debug|Any CPU.Build.0 = Debug|Any CPU
		{F17B9A40-32A3-6A10-74E5-642698FB70BD}.Debug|x64.ActiveCfg = Debug|Any CPU
		{F17B9A40-32A3-6A10-74E5-642698FB70BD}.Debug|x64.Build.0 = Debug|Any CPU
		{F17B9A40-32A3-6A10-74E5-642698FB70BD}.Debug|x86.ActiveCfg = Debug|Any CPU
		{F17B9A40-32A3-6A10-74E5-642698FB70BD}.Debug|x86.Build.0 = Debug|Any CPU
		{F17B9A40-32A3-6A10-74E5-642698FB70BD}.Release|Any CPU.ActiveCfg = Release|Any CPU
		{F17B9A40-32A3-6A10-74E5-642698FB70BD}.Release|Any CPU.Build.0 = Release|Any CPU
		{F17B9A40-32A3-6A10-74E5-642698FB70BD}.Release|x64.ActiveCfg = Release|Any CPU
		{F17B9A40-32A3-6A10-74E5-642698FB70BD}.Release|x64.Build.0 = Release|Any CPU
		{F17B9A40-32A3-6A10-74E5-642698FB70BD}.Release|x86.ActiveCfg = Release|Any CPU
		{F17B9A40-32A3-6A10-74E5-642698FB70BD}.Release|x86.Build.0 = Release|Any CPU
		{BEEB7156-9637-41E1-822F-CDEE12C21461}.Debug|Any CPU.ActiveCfg = Debug|Any CPU
		{BEEB7156-9637-41E1-822F-CDEE12C21461}.Debug|Any CPU.Build.0 = Debug|Any CPU
		{BEEB7156-9637-41E1-822F-CDEE12C21461}.Debug|x64.ActiveCfg = Debug|Any CPU
		{BEEB7156-9637-41E1-822F-CDEE12C21461}.Debug|x64.Build.0 = Debug|Any CPU
		{BEEB7156-9637-41E1-822F-CDEE12C21461}.Debug|x86.ActiveCfg = Debug|Any CPU
		{BEEB7156-9637-41E1-822F-CDEE12C21461}.Debug|x86.Build.0 = Debug|Any CPU
		{BEEB7156-9637-41E1-822F-CDEE12C21461}.Release|Any CPU.ActiveCfg = Release|Any CPU
		{BEEB7156-9637-41E1-822F-CDEE12C21461}.Release|Any CPU.Build.0 = Release|Any CPU
		{BEEB7156-9637-41E1-822F-CDEE12C21461}.Release|x64.ActiveCfg = Release|Any CPU
		{BEEB7156-9637-41E1-822F-CDEE12C21461}.Release|x64.Build.0 = Release|Any CPU
		{BEEB7156-9637-41E1-822F-CDEE12C21461}.Release|x86.ActiveCfg = Release|Any CPU
		{BEEB7156-9637-41E1-822F-CDEE12C21461}.Release|x86.Build.0 = Release|Any CPU
		{33DEA7A6-8AFD-4CE5-A3EF-0C5CC25E8740}.Debug|Any CPU.ActiveCfg = Debug|Any CPU
		{33DEA7A6-8AFD-4CE5-A3EF-0C5CC25E8740}.Debug|Any CPU.Build.0 = Debug|Any CPU
		{33DEA7A6-8AFD-4CE5-A3EF-0C5CC25E8740}.Debug|x64.ActiveCfg = Debug|Any CPU
		{33DEA7A6-8AFD-4CE5-A3EF-0C5CC25E8740}.Debug|x64.Build.0 = Debug|Any CPU
		{33DEA7A6-8AFD-4CE5-A3EF-0C5CC25E8740}.Debug|x86.ActiveCfg = Debug|Any CPU
		{33DEA7A6-8AFD-4CE5-A3EF-0C5CC25E8740}.Debug|x86.Build.0 = Debug|Any CPU
		{33DEA7A6-8AFD-4CE5-A3EF-0C5CC25E8740}.Release|Any CPU.ActiveCfg = Release|Any CPU
		{33DEA7A6-8AFD-4CE5-A3EF-0C5CC25E8740}.Release|Any CPU.Build.0 = Release|Any CPU
		{33DEA7A6-8AFD-4CE5-A3EF-0C5CC25E8740}.Release|x64.ActiveCfg = Release|Any CPU
		{33DEA7A6-8AFD-4CE5-A3EF-0C5CC25E8740}.Release|x64.Build.0 = Release|Any CPU
		{33DEA7A6-8AFD-4CE5-A3EF-0C5CC25E8740}.Release|x86.ActiveCfg = Release|Any CPU
		{33DEA7A6-8AFD-4CE5-A3EF-0C5CC25E8740}.Release|x86.Build.0 = Release|Any CPU
		{85F40241-605C-4FD2-B637-0B60FA37048F}.Debug|Any CPU.ActiveCfg = Debug|Any CPU
		{85F40241-605C-4FD2-B637-0B60FA37048F}.Debug|Any CPU.Build.0 = Debug|Any CPU
		{85F40241-605C-4FD2-B637-0B60FA37048F}.Debug|x64.ActiveCfg = Debug|Any CPU
		{85F40241-605C-4FD2-B637-0B60FA37048F}.Debug|x64.Build.0 = Debug|Any CPU
		{85F40241-605C-4FD2-B637-0B60FA37048F}.Debug|x86.ActiveCfg = Debug|Any CPU
		{85F40241-605C-4FD2-B637-0B60FA37048F}.Debug|x86.Build.0 = Debug|Any CPU
		{85F40241-605C-4FD2-B637-0B60FA37048F}.Release|Any CPU.ActiveCfg = Release|Any CPU
		{85F40241-605C-4FD2-B637-0B60FA37048F}.Release|Any CPU.Build.0 = Release|Any CPU
		{85F40241-605C-4FD2-B637-0B60FA37048F}.Release|x64.ActiveCfg = Release|Any CPU
		{85F40241-605C-4FD2-B637-0B60FA37048F}.Release|x64.Build.0 = Release|Any CPU
		{85F40241-605C-4FD2-B637-0B60FA37048F}.Release|x86.ActiveCfg = Release|Any CPU
		{85F40241-605C-4FD2-B637-0B60FA37048F}.Release|x86.Build.0 = Release|Any CPU
		{5FDF0B90-C0BB-4ABD-9986-9F8A85883FC8}.Debug|Any CPU.ActiveCfg = Debug|Any CPU
		{5FDF0B90-C0BB-4ABD-9986-9F8A85883FC8}.Debug|Any CPU.Build.0 = Debug|Any CPU
		{5FDF0B90-C0BB-4ABD-9986-9F8A85883FC8}.Debug|x64.ActiveCfg = Debug|Any CPU
		{5FDF0B90-C0BB-4ABD-9986-9F8A85883FC8}.Debug|x64.Build.0 = Debug|Any CPU
		{5FDF0B90-C0BB-4ABD-9986-9F8A85883FC8}.Debug|x86.ActiveCfg = Debug|Any CPU
		{5FDF0B90-C0BB-4ABD-9986-9F8A85883FC8}.Debug|x86.Build.0 = Debug|Any CPU
		{5FDF0B90-C0BB-4ABD-9986-9F8A85883FC8}.Release|Any CPU.ActiveCfg = Release|Any CPU
		{5FDF0B90-C0BB-4ABD-9986-9F8A85883FC8}.Release|Any CPU.Build.0 = Release|Any CPU
		{5FDF0B90-C0BB-4ABD-9986-9F8A85883FC8}.Release|x64.ActiveCfg = Release|Any CPU
		{5FDF0B90-C0BB-4ABD-9986-9F8A85883FC8}.Release|x64.Build.0 = Release|Any CPU
		{5FDF0B90-C0BB-4ABD-9986-9F8A85883FC8}.Release|x86.ActiveCfg = Release|Any CPU
		{5FDF0B90-C0BB-4ABD-9986-9F8A85883FC8}.Release|x86.Build.0 = Release|Any CPU
		{D8D7D1DA-A3CF-4DC1-9533-84ECEA97D2E4}.Debug|Any CPU.ActiveCfg = Debug|Any CPU
		{D8D7D1DA-A3CF-4DC1-9533-84ECEA97D2E4}.Debug|Any CPU.Build.0 = Debug|Any CPU
		{D8D7D1DA-A3CF-4DC1-9533-84ECEA97D2E4}.Debug|x64.ActiveCfg = Debug|Any CPU
		{D8D7D1DA-A3CF-4DC1-9533-84ECEA97D2E4}.Debug|x64.Build.0 = Debug|Any CPU
		{D8D7D1DA-A3CF-4DC1-9533-84ECEA97D2E4}.Debug|x86.ActiveCfg = Debug|Any CPU
		{D8D7D1DA-A3CF-4DC1-9533-84ECEA97D2E4}.Debug|x86.Build.0 = Debug|Any CPU
		{D8D7D1DA-A3CF-4DC1-9533-84ECEA97D2E4}.Release|Any CPU.ActiveCfg = Release|Any CPU
		{D8D7D1DA-A3CF-4DC1-9533-84ECEA97D2E4}.Release|Any CPU.Build.0 = Release|Any CPU
		{D8D7D1DA-A3CF-4DC1-9533-84ECEA97D2E4}.Release|x64.ActiveCfg = Release|Any CPU
		{D8D7D1DA-A3CF-4DC1-9533-84ECEA97D2E4}.Release|x64.Build.0 = Release|Any CPU
		{D8D7D1DA-A3CF-4DC1-9533-84ECEA97D2E4}.Release|x86.ActiveCfg = Release|Any CPU
		{D8D7D1DA-A3CF-4DC1-9533-84ECEA97D2E4}.Release|x86.Build.0 = Release|Any CPU
	EndGlobalSection
	GlobalSection(SolutionProperties) = preSolution
		HideSolutionNode = FALSE
	EndGlobalSection
	GlobalSection(NestedProjects) = preSolution
		{06CBC335-1DA8-0A1C-16E0-60C5651E431E} = {827E0CD3-B72D-47B6-A68D-7590B98EB39B}
		{BB0A7B71-E163-0E38-C888-49352DE1688B} = {0AB3BF05-4346-4AA6-1389-037BE0695223}
		{5D067B25-5C8A-26DE-2AB0-7F6A4BA39B46} = {0AB3BF05-4346-4AA6-1389-037BE0695223}
		{D46CA620-936D-4C7B-8FFA-0B8D07295AC8} = {827E0CD3-B72D-47B6-A68D-7590B98EB39B}
		{5A07D326-2819-4AD0-A4DA-A98E341FCDE7} = {0AB3BF05-4346-4AA6-1389-037BE0695223}
		{F17B9A40-32A3-6A10-74E5-642698FB70BD} = {827E0CD3-B72D-47B6-A68D-7590B98EB39B}
		{F2342FD2-CDB0-4CD8-8F2E-7D03CD3617E8} = {0AB3BF05-4346-4AA6-1389-037BE0695223}
		{D473C722-9129-426E-951E-B10F854B7F91} = {F2342FD2-CDB0-4CD8-8F2E-7D03CD3617E8}
		{BEEB7156-9637-41E1-822F-CDEE12C21461} = {D473C722-9129-426E-951E-B10F854B7F91}
		{33DEA7A6-8AFD-4CE5-A3EF-0C5CC25E8740} = {D473C722-9129-426E-951E-B10F854B7F91}
		{FDAA8FD1-86B7-6860-3AA4-D2369556531E} = {F2342FD2-CDB0-4CD8-8F2E-7D03CD3617E8}
		{85F40241-605C-4FD2-B637-0B60FA37048F} = {FDAA8FD1-86B7-6860-3AA4-D2369556531E}
		{5FDF0B90-C0BB-4ABD-9986-9F8A85883FC8} = {FDAA8FD1-86B7-6860-3AA4-D2369556531E}
		{D8D7D1DA-A3CF-4DC1-9533-84ECEA97D2E4} = {FDAA8FD1-86B7-6860-3AA4-D2369556531E}
	EndGlobalSection
	GlobalSection(ExtensibilityGlobals) = postSolution
		SolutionGuid = {77DB363E-DFF9-4CF1-8104-4298A5BFD66D}
	EndGlobalSection
EndGlobal
